# THIS IS AN AUTOGENERATED FILE. DO NOT EDIT THIS FILE DIRECTLY.
# yarn lockfile v1


react-freeze@^1.0.0:
  version "1.0.4"
  resolved "https://registry.yarnpkg.com/react-freeze/-/react-freeze-1.0.4.tgz#cbbea2762b0368b05cbe407ddc9d518c57c6f3ad"
  integrity sha512-r4F0Sec0BLxWicc7HEyo2x3/2icUTrRmDjaaRyzzn+7aDyFZliszMDOgLVwSnQnYENOlL1o569Ze2HZefk8clA==

react-native-safe-area-context@^4.9.0:
  version "4.9.0"
  resolved "https://registry.yarnpkg.com/react-native-safe-area-context/-/react-native-safe-area-context-4.9.0.tgz#21a570ca3594cb4259ba65f93befaa60d91bcbd0"
  integrity sha512-/OJD9Pb8IURyvn+1tWTszWPJqsbZ4hyHBU9P0xhOmk7h5owSuqL0zkfagU0pg7Vh0G2NKQkaPpUKUMMCUMDh/w==

react-native-screens@^3.30.1:
  version "3.30.1"
  resolved "https://registry.yarnpkg.com/react-native-screens/-/react-native-screens-3.30.1.tgz#254f5cbbeed649492da112756f85ecae3ccf313e"
  integrity sha512-/muEvjocCtFb+j5J3YmLvB25+f4rIU8hnnxgGTkXcAf2omPBY8uhPjJaaFUlvj64VEoEzJcRpugbXWsjfPPIFg==
  dependencies:
    react-freeze "^1.0.0"
    warn-once "^0.1.0"

warn-once@^0.1.0:
  version "0.1.1"
  resolved "https://registry.yarnpkg.com/warn-once/-/warn-once-0.1.1.tgz#952088f4fb56896e73fd4e6a3767272a3fccce43"
  integrity sha512-VkQZJbO8zVImzYFteBXvBOZEl1qL175WH8VmZcxF2fZAoudNhNDvHi+doCaAEdU2l2vtcIwa2zn0QK5+I1HQ3Q==
